
Microsoft Visual Studio Solution File, Format Version 12.00
# Visual Studio Version 17
VisualStudioVersion = 17.3.32901.215
MinimumVisualStudioVersion = 10.0.40219.1
Project("{8BC9CEB8-8B4A-11D0-8D11-00A0C91BC942}") = "Managment", "Managment\Managment.vcxproj", "{2DDEC256-659D-43AE-AFF9-2B2C110F3130}"
EndProject
Global
	GlobalSection(SolutionConfigurationPlatforms) = preSolution
		Debug|x64 = Debug|x64
		Debug|x86 = Debug|x86
		Release|x64 = Release|x64
		Release|x86 = Release|x86
	EndGlobalSection
	GlobalSection(ProjectConfigurationPlatforms) = postSolution
		{2DDEC256-659D-43AE-AFF9-2B2C110F3130}.Debug|x64.ActiveCfg = Debug|x64
		{2DDEC256-659D-43AE-AFF9-2B2C110F3130}.Debug|x64.Build.0 = Debug|x64
		{2DDEC256-659D-43AE-AFF9-2B2C110F3130}.Debug|x86.ActiveCfg = Debug|Win32
		{2DDEC256-659D-43AE-AFF9-2B2C110F3130}.Debug|x86.Build.0 = Debug|Win32
		{2DDEC256-659D-43AE-AFF9-2B2C110F3130}.Release|x64.ActiveCfg = Release|x64
		{2DDEC256-659D-43AE-AFF9-2B2C110F3130}.Release|x64.Build.0 = Release|x64
		{2DDEC256-659D-43AE-AFF9-2B2C110F3130}.Release|x86.ActiveCfg = Release|Win32
		{2DDEC256-659D-43AE-AFF9-2B2C110F3130}.Release|x86.Build.0 = Release|Win32
	EndGlobalSection
	GlobalSection(SolutionProperties) = preSolution
		HideSolutionNode = FALSE
	EndGlobalSection
	GlobalSection(ExtensibilityGlobals) = postSolution
		SolutionGuid = {0B8C2D64-79CF-4895-BB15-E23A381BE28E}
	EndGlobalSection
EndGlobal
